
Microsoft Visual Studio Solution File, Format Version 12.00
# Visual Studio Version 16
VisualStudioVersion = 16.0.30621.155
MinimumVisualStudioVersion = 10.0.40219.1
Project("{9A19103F-16F7-4668-BE54-9A1E7A4F7556}") = "CompIntelligence_Coursework", "CompIntelligence_Coursework\CompIntelligence_Coursework.csproj", "{D9496A2E-F63B-43E8-8E55-A3B0D9CFF4A2}"
EndProject
Project("{FAE04EC0-301F-11D3-BF4B-00C04F79EFBC}") = "CompIntelligence_Coursework_TestSuite", "CompIntelligence_Coursework_TestSuite\CompIntelligence_Coursework_TestSuite.csproj", "{54B172BF-7567-443A-99E0-0C577AC02DD0}"
EndProject
Global
	GlobalSection(SolutionConfigurationPlatforms) = preSolution
		Debug|Any CPU = Debug|Any CPU
		Release|Any CPU = Release|Any CPU
	EndGlobalSection
	GlobalSection(ProjectConfigurationPlatforms) = postSolution
		{D9496A2E-F63B-43E8-8E55-A3B0D9CFF4A2}.Debug|Any CPU.ActiveCfg = Debug|Any CPU
		{D9496A2E-F63B-43E8-8E55-A3B0D9CFF4A2}.Debug|Any CPU.Build.0 = Debug|Any CPU
		{D9496A2E-F63B-43E8-8E55-A3B0D9CFF4A2}.Release|Any CPU.ActiveCfg = Release|Any CPU
		{D9496A2E-F63B-43E8-8E55-A3B0D9CFF4A2}.Release|Any CPU.Build.0 = Release|Any CPU
		{54B172BF-7567-443A-99E0-0C577AC02DD0}.Debug|Any CPU.ActiveCfg = Debug|Any CPU
		{54B172BF-7567-443A-99E0-0C577AC02DD0}.Debug|Any CPU.Build.0 = Debug|Any CPU
		{54B172BF-7567-443A-99E0-0C577AC02DD0}.Release|Any CPU.ActiveCfg = Release|Any CPU
		{54B172BF-7567-443A-99E0-0C577AC02DD0}.Release|Any CPU.Build.0 = Release|Any CPU
	EndGlobalSection
	GlobalSection(SolutionProperties) = preSolution
		HideSolutionNode = FALSE
	EndGlobalSection
	GlobalSection(ExtensibilityGlobals) = postSolution
		SolutionGuid = {C2A77CBF-5E3F-4EF0-A564-6E92171AF8C7}
	EndGlobalSection
EndGlobal
